
Microsoft Visual Studio Solution File, Format Version 12.00
# Visual Studio Version 17
VisualStudioVersion = 17.12.35521.163
MinimumVisualStudioVersion = 10.0.40219.1
Project("{FAE04EC0-301F-11D3-BF4B-00C04F79EFBC}") = "Infrastructure", "Infrastructure\Infrastructure.csproj", "{D176583C-D011-4EFF-91C3-3F52EA1440D5}"
EndProject
Project("{2150E333-8FDC-42A3-9474-1A3956D46DE8}") = "Examples", "Examples", "{A066AA9D-3A40-45CB-A804-D3020191F56C}"
EndProject
Project("{FAE04EC0-301F-11D3-BF4B-00C04F79EFBC}") = "Pub.Worker", "Examples\Pub.Worker\Pub.Worker.csproj", "{EEE853EB-E163-46AE-8678-BC0BF3D6E8DE}"
EndProject
Project("{FAE04EC0-301F-11D3-BF4B-00C04F79EFBC}") = "Sub.Worker", "Sub.Worker\Sub.Worker.csproj", "{39632FAE-609A-492F-AEE0-94E8F07C35DE}"
EndProject
Global
	GlobalSection(SolutionConfigurationPlatforms) = preSolution
		Debug|Any CPU = Debug|Any CPU
		Release|Any CPU = Release|Any CPU
	EndGlobalSection
	GlobalSection(ProjectConfigurationPlatforms) = postSolution
		{D176583C-D011-4EFF-91C3-3F52EA1440D5}.Debug|Any CPU.ActiveCfg = Debug|Any CPU
		{D176583C-D011-4EFF-91C3-3F52EA1440D5}.Debug|Any CPU.Build.0 = Debug|Any CPU
		{D176583C-D011-4EFF-91C3-3F52EA1440D5}.Release|Any CPU.ActiveCfg = Release|Any CPU
		{D176583C-D011-4EFF-91C3-3F52EA1440D5}.Release|Any CPU.Build.0 = Release|Any CPU
		{EEE853EB-E163-46AE-8678-BC0BF3D6E8DE}.Debug|Any CPU.ActiveCfg = Debug|Any CPU
		{EEE853EB-E163-46AE-8678-BC0BF3D6E8DE}.Debug|Any CPU.Build.0 = Debug|Any CPU
		{EEE853EB-E163-46AE-8678-BC0BF3D6E8DE}.Release|Any CPU.ActiveCfg = Release|Any CPU
		{EEE853EB-E163-46AE-8678-BC0BF3D6E8DE}.Release|Any CPU.Build.0 = Release|Any CPU
		{39632FAE-609A-492F-AEE0-94E8F07C35DE}.Debug|Any CPU.ActiveCfg = Debug|Any CPU
		{39632FAE-609A-492F-AEE0-94E8F07C35DE}.Debug|Any CPU.Build.0 = Debug|Any CPU
		{39632FAE-609A-492F-AEE0-94E8F07C35DE}.Release|Any CPU.ActiveCfg = Release|Any CPU
		{39632FAE-609A-492F-AEE0-94E8F07C35DE}.Release|Any CPU.Build.0 = Release|Any CPU
	EndGlobalSection
	GlobalSection(SolutionProperties) = preSolution
		HideSolutionNode = FALSE
	EndGlobalSection
	GlobalSection(NestedProjects) = preSolution
		{EEE853EB-E163-46AE-8678-BC0BF3D6E8DE} = {A066AA9D-3A40-45CB-A804-D3020191F56C}
		{39632FAE-609A-492F-AEE0-94E8F07C35DE} = {A066AA9D-3A40-45CB-A804-D3020191F56C}
	EndGlobalSection
EndGlobal
